
Microsoft Visual Studio Solution File, Format Version 12.00
# Visual Studio Version 16
VisualStudioVersion = 16.0.30114.105
MinimumVisualStudioVersion = 10.0.40219.1
Project("{FAE04EC0-301F-11D3-BF4B-00C04F79EFBC}") = "mrObjectsFilter", "mrObjectsFilter\mrObjectsFilter.csproj", "{C8AB982A-3F6C-4CD2-84F7-BEAD188FBDC8}"
EndProject
Project("{9A19103F-16F7-4668-BE54-9A1E7A4F7556}") = "_build", "build\_build.csproj", "{4E54DF01-025A-45B2-96B4-B2D351BCA90C}"
EndProject
Project("{2150E333-8FDC-42A3-9474-1A3956D46DE8}") = "Solution Items", "Solution Items", "{82B08FD3-6BFE-43CD-BE24-F76E54DE42AF}"
	ProjectSection(SolutionItems) = preProject
		README.md = README.md
	EndProjectSection
EndProject
Global
	GlobalSection(SolutionConfigurationPlatforms) = preSolution
		Debug|Any CPU = Debug|Any CPU
		Release|Any CPU = Release|Any CPU
	EndGlobalSection
	GlobalSection(ProjectConfigurationPlatforms) = postSolution
		{C8AB982A-3F6C-4CD2-84F7-BEAD188FBDC8}.Debug|Any CPU.ActiveCfg = Debug|Any CPU
		{C8AB982A-3F6C-4CD2-84F7-BEAD188FBDC8}.Debug|Any CPU.Build.0 = Debug|Any CPU
		{C8AB982A-3F6C-4CD2-84F7-BEAD188FBDC8}.Release|Any CPU.ActiveCfg = Release|Any CPU
		{C8AB982A-3F6C-4CD2-84F7-BEAD188FBDC8}.Release|Any CPU.Build.0 = Release|Any CPU
		{4E54DF01-025A-45B2-96B4-B2D351BCA90C}.Debug|Any CPU.ActiveCfg = Debug|Any CPU
		{4E54DF01-025A-45B2-96B4-B2D351BCA90C}.Release|Any CPU.ActiveCfg = Release|Any CPU
	EndGlobalSection
	GlobalSection(SolutionProperties) = preSolution
		HideSolutionNode = FALSE
	EndGlobalSection
	GlobalSection(ExtensibilityGlobals) = postSolution
		SolutionGuid = {F957AECF-1456-4A3A-848F-B4E981F390F8}
	EndGlobalSection
EndGlobal
